
Microsoft Visual Studio Solution File, Format Version 12.00
# Visual Studio Version 17
VisualStudioVersion = 17.2.32630.192
MinimumVisualStudioVersion = 10.0.40219.1
Project("{888888A0-9F3D-457C-B088-3A5042F75D52}") = "webScraper", "webScraper.pyproj", "{2EA39962-1DD8-4F31-9E8C-1BA4415780BE}"
EndProject
Global
	GlobalSection(SolutionConfigurationPlatforms) = preSolution
		Debug|Any CPU = Debug|Any CPU
		Release|Any CPU = Release|Any CPU
	EndGlobalSection
	GlobalSection(ProjectConfigurationPlatforms) = postSolution
		{2EA39962-1DD8-4F31-9E8C-1BA4415780BE}.Debug|Any CPU.ActiveCfg = Debug|Any CPU
		{2EA39962-1DD8-4F31-9E8C-1BA4415780BE}.Release|Any CPU.ActiveCfg = Release|Any CPU
	EndGlobalSection
	GlobalSection(SolutionProperties) = preSolution
		HideSolutionNode = FALSE
	EndGlobalSection
	GlobalSection(ExtensibilityGlobals) = postSolution
		SolutionGuid = {3DB3C6EF-B3FE-4C55-95DB-B8C927827F6D}
	EndGlobalSection
EndGlobal
